
Microsoft Visual Studio Solution File, Format Version 12.00
# Visual Studio Version 16
VisualStudioVersion = 16.0.29025.244
MinimumVisualStudioVersion = 10.0.40219.1
Project("{FAE04EC0-301F-11D3-BF4B-00C04F79EFBC}") = "ProjectEPlant.Android", "ProjectEPlant\ProjectEPlant.Android\ProjectEPlant.Android.csproj", "{468E206E-7BE3-4E9B-A8F9-0EACCBC168A5}"
EndProject
Project("{FAE04EC0-301F-11D3-BF4B-00C04F79EFBC}") = "ProjectEPlant.iOS", "ProjectEPlant\ProjectEPlant.iOS\ProjectEPlant.iOS.csproj", "{7825A101-1FE5-4DCB-B9E8-F7AF4AD80479}"
EndProject
Project("{FAE04EC0-301F-11D3-BF4B-00C04F79EFBC}") = "ProjectEPlant", "ProjectEPlant\ProjectEPlant\ProjectEPlant.csproj", "{4FF4E682-DF0F-48A9-ABBF-20A095D64164}"
EndProject
Global
	GlobalSection(SolutionConfigurationPlatforms) = preSolution
		Debug|Any CPU = Debug|Any CPU
		Debug|iPhone = Debug|iPhone
		Debug|iPhoneSimulator = Debug|iPhoneSimulator
		Release|Any CPU = Release|Any CPU
		Release|iPhone = Release|iPhone
		Release|iPhoneSimulator = Release|iPhoneSimulator
	EndGlobalSection
	GlobalSection(ProjectConfigurationPlatforms) = postSolution
		{468E206E-7BE3-4E9B-A8F9-0EACCBC168A5}.Debug|Any CPU.ActiveCfg = Debug|Any CPU
		{468E206E-7BE3-4E9B-A8F9-0EACCBC168A5}.Debug|Any CPU.Build.0 = Debug|Any CPU
		{468E206E-7BE3-4E9B-A8F9-0EACCBC168A5}.Debug|Any CPU.Deploy.0 = Debug|Any CPU
		{468E206E-7BE3-4E9B-A8F9-0EACCBC168A5}.Debug|iPhone.ActiveCfg = Debug|Any CPU
		{468E206E-7BE3-4E9B-A8F9-0EACCBC168A5}.Debug|iPhone.Build.0 = Debug|Any CPU
		{468E206E-7BE3-4E9B-A8F9-0EACCBC168A5}.Debug|iPhone.Deploy.0 = Debug|Any CPU
		{468E206E-7BE3-4E9B-A8F9-0EACCBC168A5}.Debug|iPhoneSimulator.ActiveCfg = Debug|Any CPU
		{468E206E-7BE3-4E9B-A8F9-0EACCBC168A5}.Debug|iPhoneSimulator.Build.0 = Debug|Any CPU
		{468E206E-7BE3-4E9B-A8F9-0EACCBC168A5}.Debug|iPhoneSimulator.Deploy.0 = Debug|Any CPU
		{468E206E-7BE3-4E9B-A8F9-0EACCBC168A5}.Release|Any CPU.ActiveCfg = Release|Any CPU
		{468E206E-7BE3-4E9B-A8F9-0EACCBC168A5}.Release|Any CPU.Build.0 = Release|Any CPU
		{468E206E-7BE3-4E9B-A8F9-0EACCBC168A5}.Release|Any CPU.Deploy.0 = Release|Any CPU
		{468E206E-7BE3-4E9B-A8F9-0EACCBC168A5}.Release|iPhone.ActiveCfg = Release|Any CPU
		{468E206E-7BE3-4E9B-A8F9-0EACCBC168A5}.Release|iPhone.Build.0 = Release|Any CPU
		{468E206E-7BE3-4E9B-A8F9-0EACCBC168A5}.Release|iPhone.Deploy.0 = Release|Any CPU
		{468E206E-7BE3-4E9B-A8F9-0EACCBC168A5}.Release|iPhoneSimulator.ActiveCfg = Release|Any CPU
		{468E206E-7BE3-4E9B-A8F9-0EACCBC168A5}.Release|iPhoneSimulator.Build.0 = Release|Any CPU
		{468E206E-7BE3-4E9B-A8F9-0EACCBC168A5}.Release|iPhoneSimulator.Deploy.0 = Release|Any CPU
		{7825A101-1FE5-4DCB-B9E8-F7AF4AD80479}.Debug|Any CPU.ActiveCfg = Debug|iPhoneSimulator
		{7825A101-1FE5-4DCB-B9E8-F7AF4AD80479}.Debug|Any CPU.Build.0 = Debug|iPhoneSimulator
		{7825A101-1FE5-4DCB-B9E8-F7AF4AD80479}.Debug|Any CPU.Deploy.0 = Debug|iPhoneSimulator
		{7825A101-1FE5-4DCB-B9E8-F7AF4AD80479}.Debug|iPhone.ActiveCfg = Debug|iPhone
		{7825A101-1FE5-4DCB-B9E8-F7AF4AD80479}.Debug|iPhone.Build.0 = Debug|iPhone
		{7825A101-1FE5-4DCB-B9E8-F7AF4AD80479}.Debug|iPhone.Deploy.0 = Debug|iPhone
		{7825A101-1FE5-4DCB-B9E8-F7AF4AD80479}.Debug|iPhoneSimulator.ActiveCfg = Debug|iPhoneSimulator
		{7825A101-1FE5-4DCB-B9E8-F7AF4AD80479}.Debug|iPhoneSimulator.Build.0 = Debug|iPhoneSimulator
		{7825A101-1FE5-4DCB-B9E8-F7AF4AD80479}.Debug|iPhoneSimulator.Deploy.0 = Debug|iPhoneSimulator
		{7825A101-1FE5-4DCB-B9E8-F7AF4AD80479}.Release|Any CPU.ActiveCfg = Release|iPhone
		{7825A101-1FE5-4DCB-B9E8-F7AF4AD80479}.Release|Any CPU.Build.0 = Release|iPhone
		{7825A101-1FE5-4DCB-B9E8-F7AF4AD80479}.Release|Any CPU.Deploy.0 = Release|iPhone
		{7825A101-1FE5-4DCB-B9E8-F7AF4AD80479}.Release|iPhone.ActiveCfg = Release|iPhone
		{7825A101-1FE5-4DCB-B9E8-F7AF4AD80479}.Release|iPhone.Build.0 = Release|iPhone
		{7825A101-1FE5-4DCB-B9E8-F7AF4AD80479}.Release|iPhone.Deploy.0 = Release|iPhone
		{7825A101-1FE5-4DCB-B9E8-F7AF4AD80479}.Release|iPhoneSimulator.ActiveCfg = Release|iPhoneSimulator
		{7825A101-1FE5-4DCB-B9E8-F7AF4AD80479}.Release|iPhoneSimulator.Build.0 = Release|iPhoneSimulator
		{7825A101-1FE5-4DCB-B9E8-F7AF4AD80479}.Release|iPhoneSimulator.Deploy.0 = Release|iPhoneSimulator
		{4FF4E682-DF0F-48A9-ABBF-20A095D64164}.Debug|Any CPU.ActiveCfg = Debug|Any CPU
		{4FF4E682-DF0F-48A9-ABBF-20A095D64164}.Debug|Any CPU.Build.0 = Debug|Any CPU
		{4FF4E682-DF0F-48A9-ABBF-20A095D64164}.Debug|Any CPU.Deploy.0 = Debug|Any CPU
		{4FF4E682-DF0F-48A9-ABBF-20A095D64164}.Debug|iPhone.ActiveCfg = Debug|Any CPU
		{4FF4E682-DF0F-48A9-ABBF-20A095D64164}.Debug|iPhone.Build.0 = Debug|Any CPU
		{4FF4E682-DF0F-48A9-ABBF-20A095D64164}.Debug|iPhone.Deploy.0 = Debug|Any CPU
		{4FF4E682-DF0F-48A9-ABBF-20A095D64164}.Debug|iPhoneSimulator.ActiveCfg = Debug|Any CPU
		{4FF4E682-DF0F-48A9-ABBF-20A095D64164}.Debug|iPhoneSimulator.Build.0 = Debug|Any CPU
		{4FF4E682-DF0F-48A9-ABBF-20A095D64164}.Debug|iPhoneSimulator.Deploy.0 = Debug|Any CPU
		{4FF4E682-DF0F-48A9-ABBF-20A095D64164}.Release|Any CPU.ActiveCfg = Release|Any CPU
		{4FF4E682-DF0F-48A9-ABBF-20A095D64164}.Release|Any CPU.Build.0 = Release|Any CPU
		{4FF4E682-DF0F-48A9-ABBF-20A095D64164}.Release|Any CPU.Deploy.0 = Release|Any CPU
		{4FF4E682-DF0F-48A9-ABBF-20A095D64164}.Release|iPhone.ActiveCfg = Release|Any CPU
		{4FF4E682-DF0F-48A9-ABBF-20A095D64164}.Release|iPhone.Build.0 = Release|Any CPU
		{4FF4E682-DF0F-48A9-ABBF-20A095D64164}.Release|iPhone.Deploy.0 = Release|Any CPU
		{4FF4E682-DF0F-48A9-ABBF-20A095D64164}.Release|iPhoneSimulator.ActiveCfg = Release|Any CPU
		{4FF4E682-DF0F-48A9-ABBF-20A095D64164}.Release|iPhoneSimulator.Build.0 = Release|Any CPU
		{4FF4E682-DF0F-48A9-ABBF-20A095D64164}.Release|iPhoneSimulator.Deploy.0 = Release|Any CPU
	EndGlobalSection
	GlobalSection(SolutionProperties) = preSolution
		HideSolutionNode = FALSE
	EndGlobalSection
	GlobalSection(ExtensibilityGlobals) = postSolution
		SolutionGuid = {2A1FF88D-0B6E-4181-81A4-8CB1A1CCC0DD}
	EndGlobalSection
EndGlobal
